
Microsoft Visual Studio Solution File, Format Version 12.00
# Visual Studio 14
VisualStudioVersion = 14.0.25420.1
MinimumVisualStudioVersion = 10.0.40219.1
Project("{FAE04EC0-301F-11D3-BF4B-00C04F79EFBC}") = "SchoolDashboard", "SchoolDashboard\SchoolDashboard.csproj", "{424022A3-7E13-4389-B4F3-56913BAED545}"
EndProject
Global
	GlobalSection(SolutionConfigurationPlatforms) = preSolution
		Debug|Any CPU = Debug|Any CPU
		Release|Any CPU = Release|Any CPU
		MAC|Any CPU = MAC|Any CPU
	EndGlobalSection
	GlobalSection(ProjectConfigurationPlatforms) = postSolution
		{424022A3-7E13-4389-B4F3-56913BAED545}.Debug|Any CPU.ActiveCfg = Debug|Any CPU
		{424022A3-7E13-4389-B4F3-56913BAED545}.Debug|Any CPU.Build.0 = Debug|Any CPU
		{424022A3-7E13-4389-B4F3-56913BAED545}.Release|Any CPU.ActiveCfg = Release|Any CPU
		{424022A3-7E13-4389-B4F3-56913BAED545}.Release|Any CPU.Build.0 = Release|Any CPU
		{424022A3-7E13-4389-B4F3-56913BAED545}.MAC|Any CPU.ActiveCfg = MAC|Any CPU
		{424022A3-7E13-4389-B4F3-56913BAED545}.MAC|Any CPU.Build.0 = MAC|Any CPU
	EndGlobalSection
	GlobalSection(SolutionProperties) = preSolution
		HideSolutionNode = FALSE
	EndGlobalSection
	GlobalSection(TeamFoundationVersionControl) = preSolution
		SccNumberOfProjects = 2
		SccEnterpriseProvider = {4CA58AB2-18FA-4F8D-95D4-32DDF27D184C}
		SccLocalPath0 = .
		SccProjectUniqueName1 = SchoolDashboard\\SchoolDashboard.csproj
		SccProjectName1 = SchoolDashboard
		SccLocalPath1 = SchoolDashboard
	EndGlobalSection
EndGlobal
